
Microsoft Visual Studio Solution File, Format Version 12.00
# Visual Studio Version 17
VisualStudioVersion = 17.9.34622.214
MinimumVisualStudioVersion = 10.0.40219.1
Project("{2150E333-8FDC-42A3-9474-1A3956D46DE8}") = "Core", "Core", "{00A60B9B-71D1-44AF-A944-DA549516B4F3}"
EndProject
Project("{2150E333-8FDC-42A3-9474-1A3956D46DE8}") = "Infrastructure", "Infrastructure", "{965BCE4B-84C2-45CA-BAF8-46EB51AEEEB0}"
EndProject
Project("{2150E333-8FDC-42A3-9474-1A3956D46DE8}") = "Presentation", "Presentation", "{FB085363-692A-4687-8A65-73B764D7B83A}"
EndProject
Project("{FAE04EC0-301F-11D3-BF4B-00C04F79EFBC}") = "OnionAPI.Domain", "Core\OnionAPI.Domain\OnionAPI.Domain.csproj", "{50A036B5-94FA-490C-8CC5-AC1E09AC825D}"
EndProject
Project("{FAE04EC0-301F-11D3-BF4B-00C04F79EFBC}") = "OnionAPI.Application", "Core\OnionAPI.Application\OnionAPI.Application.csproj", "{7EE4CBDB-6182-441B-8FEA-34CD019A1299}"
EndProject
Project("{FAE04EC0-301F-11D3-BF4B-00C04F79EFBC}") = "OnionAPI.Infrastructure", "Infrastructure\OnionAPI.Infrastructure\OnionAPI.Infrastructure.csproj", "{56A55212-B4E7-43A5-8BA8-63332B2445B9}"
EndProject
Project("{FAE04EC0-301F-11D3-BF4B-00C04F79EFBC}") = "OnionAPI.Persistence", "Infrastructure\OnionAPI.Persistence\OnionAPI.Persistence.csproj", "{16550EE4-9888-4B46-BC30-16D1A2E6032D}"
EndProject
Project("{FAE04EC0-301F-11D3-BF4B-00C04F79EFBC}") = "OnionAPI.API", "Presentation\OnionAPI.API\OnionAPI.API.csproj", "{0387F3FF-4292-47A3-91ED-286118D8F9EF}"
EndProject
Global
	GlobalSection(SolutionConfigurationPlatforms) = preSolution
		Debug|Any CPU = Debug|Any CPU
		Release|Any CPU = Release|Any CPU
	EndGlobalSection
	GlobalSection(ProjectConfigurationPlatforms) = postSolution
		{50A036B5-94FA-490C-8CC5-AC1E09AC825D}.Debug|Any CPU.ActiveCfg = Debug|Any CPU
		{50A036B5-94FA-490C-8CC5-AC1E09AC825D}.Debug|Any CPU.Build.0 = Debug|Any CPU
		{50A036B5-94FA-490C-8CC5-AC1E09AC825D}.Release|Any CPU.ActiveCfg = Release|Any CPU
		{50A036B5-94FA-490C-8CC5-AC1E09AC825D}.Release|Any CPU.Build.0 = Release|Any CPU
		{7EE4CBDB-6182-441B-8FEA-34CD019A1299}.Debug|Any CPU.ActiveCfg = Debug|Any CPU
		{7EE4CBDB-6182-441B-8FEA-34CD019A1299}.Debug|Any CPU.Build.0 = Debug|Any CPU
		{7EE4CBDB-6182-441B-8FEA-34CD019A1299}.Release|Any CPU.ActiveCfg = Release|Any CPU
		{7EE4CBDB-6182-441B-8FEA-34CD019A1299}.Release|Any CPU.Build.0 = Release|Any CPU
		{56A55212-B4E7-43A5-8BA8-63332B2445B9}.Debug|Any CPU.ActiveCfg = Debug|Any CPU
		{56A55212-B4E7-43A5-8BA8-63332B2445B9}.Debug|Any CPU.Build.0 = Debug|Any CPU
		{56A55212-B4E7-43A5-8BA8-63332B2445B9}.Release|Any CPU.ActiveCfg = Release|Any CPU
		{56A55212-B4E7-43A5-8BA8-63332B2445B9}.Release|Any CPU.Build.0 = Release|Any CPU
		{16550EE4-9888-4B46-BC30-16D1A2E6032D}.Debug|Any CPU.ActiveCfg = Debug|Any CPU
		{16550EE4-9888-4B46-BC30-16D1A2E6032D}.Debug|Any CPU.Build.0 = Debug|Any CPU
		{16550EE4-9888-4B46-BC30-16D1A2E6032D}.Release|Any CPU.ActiveCfg = Release|Any CPU
		{16550EE4-9888-4B46-BC30-16D1A2E6032D}.Release|Any CPU.Build.0 = Release|Any CPU
		{0387F3FF-4292-47A3-91ED-286118D8F9EF}.Debug|Any CPU.ActiveCfg = Debug|Any CPU
		{0387F3FF-4292-47A3-91ED-286118D8F9EF}.Debug|Any CPU.Build.0 = Debug|Any CPU
		{0387F3FF-4292-47A3-91ED-286118D8F9EF}.Release|Any CPU.ActiveCfg = Release|Any CPU
		{0387F3FF-4292-47A3-91ED-286118D8F9EF}.Release|Any CPU.Build.0 = Release|Any CPU
	EndGlobalSection
	GlobalSection(SolutionProperties) = preSolution
		HideSolutionNode = FALSE
	EndGlobalSection
	GlobalSection(NestedProjects) = preSolution
		{50A036B5-94FA-490C-8CC5-AC1E09AC825D} = {00A60B9B-71D1-44AF-A944-DA549516B4F3}
		{7EE4CBDB-6182-441B-8FEA-34CD019A1299} = {00A60B9B-71D1-44AF-A944-DA549516B4F3}
		{56A55212-B4E7-43A5-8BA8-63332B2445B9} = {965BCE4B-84C2-45CA-BAF8-46EB51AEEEB0}
		{16550EE4-9888-4B46-BC30-16D1A2E6032D} = {965BCE4B-84C2-45CA-BAF8-46EB51AEEEB0}
		{0387F3FF-4292-47A3-91ED-286118D8F9EF} = {FB085363-692A-4687-8A65-73B764D7B83A}
	EndGlobalSection
	GlobalSection(ExtensibilityGlobals) = postSolution
		SolutionGuid = {8CBD7EE4-D3BD-4901-A8C8-2200F738CBA9}
	EndGlobalSection
EndGlobal
